
Microsoft Visual Studio Solution File, Format Version 12.00
# Visual Studio Version 17
VisualStudioVersion = 17.13.35931.197
MinimumVisualStudioVersion = 10.0.40219.1
Project("{FAE04EC0-301F-11D3-BF4B-00C04F79EFBC}") = "BYSResults", "BYSResults\BYSResults.csproj", "{16447C9C-AD0B-4ECF-B0DD-109C16FD568E}"
EndProject
Project("{FAE04EC0-301F-11D3-BF4B-00C04F79EFBC}") = "BYSResults.Tests", "..\BYSResults.Tests\BYSResults.Tests.csproj", "{7DC559BE-39AA-E6C1-6614-98F9DAE1C108}"
EndProject
Global
	GlobalSection(SolutionConfigurationPlatforms) = preSolution
		Debug|Any CPU = Debug|Any CPU
		Release|Any CPU = Release|Any CPU
	EndGlobalSection
	GlobalSection(ProjectConfigurationPlatforms) = postSolution
		{16447C9C-AD0B-4ECF-B0DD-109C16FD568E}.Debug|Any CPU.ActiveCfg = Debug|Any CPU
		{16447C9C-AD0B-4ECF-B0DD-109C16FD568E}.Debug|Any CPU.Build.0 = Debug|Any CPU
		{16447C9C-AD0B-4ECF-B0DD-109C16FD568E}.Release|Any CPU.ActiveCfg = Release|Any CPU
		{16447C9C-AD0B-4ECF-B0DD-109C16FD568E}.Release|Any CPU.Build.0 = Release|Any CPU
		{7DC559BE-39AA-E6C1-6614-98F9DAE1C108}.Debug|Any CPU.ActiveCfg = Debug|Any CPU
		{7DC559BE-39AA-E6C1-6614-98F9DAE1C108}.Debug|Any CPU.Build.0 = Debug|Any CPU
		{7DC559BE-39AA-E6C1-6614-98F9DAE1C108}.Release|Any CPU.ActiveCfg = Release|Any CPU
		{7DC559BE-39AA-E6C1-6614-98F9DAE1C108}.Release|Any CPU.Build.0 = Release|Any CPU
	EndGlobalSection
	GlobalSection(SolutionProperties) = preSolution
		HideSolutionNode = FALSE
	EndGlobalSection
	GlobalSection(ExtensibilityGlobals) = postSolution
		SolutionGuid = {B1F26676-F514-4C6A-8815-536156679379}
	EndGlobalSection
EndGlobal
